
Microsoft Visual Studio Solution File, Format Version 12.00
# Visual Studio Version 17
VisualStudioVersion = 17.2.32210.308
MinimumVisualStudioVersion = 10.0.40219.1
Project("{8BC9CEB8-8B4A-11D0-8D11-00A0C91BC942}") = "WinSys", "WinSys\WinSys.vcxproj", "{C8CEB891-1E94-4CE1-9497-5D09C6F75EF4}"
EndProject
Project("{2150E333-8FDC-42A3-9474-1A3956D46DE8}") = "Tools", "Tools", "{26348DBB-5AFF-47E6-AD26-37B87187574F}"
EndProject
Project("{8BC9CEB8-8B4A-11D0-8D11-00A0C91BC942}") = "KWinSys", "KWinSys\KWinSys.vcxproj", "{3441322D-7C33-497F-94D6-639DD72A5D20}"
EndProject
Global
	GlobalSection(SolutionConfigurationPlatforms) = preSolution
		Debug|ARM = Debug|ARM
		Debug|ARM64 = Debug|ARM64
		Debug|x64 = Debug|x64
		Debug|x86 = Debug|x86
		Release|ARM = Release|ARM
		Release|ARM64 = Release|ARM64
		Release|x64 = Release|x64
		Release|x86 = Release|x86
	EndGlobalSection
	GlobalSection(ProjectConfigurationPlatforms) = postSolution
		{C8CEB891-1E94-4CE1-9497-5D09C6F75EF4}.Debug|ARM.ActiveCfg = Debug|x64
		{C8CEB891-1E94-4CE1-9497-5D09C6F75EF4}.Debug|ARM.Build.0 = Debug|x64
		{C8CEB891-1E94-4CE1-9497-5D09C6F75EF4}.Debug|ARM64.ActiveCfg = Debug|x64
		{C8CEB891-1E94-4CE1-9497-5D09C6F75EF4}.Debug|ARM64.Build.0 = Debug|x64
		{C8CEB891-1E94-4CE1-9497-5D09C6F75EF4}.Debug|x64.ActiveCfg = Debug|x64
		{C8CEB891-1E94-4CE1-9497-5D09C6F75EF4}.Debug|x64.Build.0 = Debug|x64
		{C8CEB891-1E94-4CE1-9497-5D09C6F75EF4}.Debug|x86.ActiveCfg = Debug|Win32
		{C8CEB891-1E94-4CE1-9497-5D09C6F75EF4}.Debug|x86.Build.0 = Debug|Win32
		{C8CEB891-1E94-4CE1-9497-5D09C6F75EF4}.Release|ARM.ActiveCfg = Release|x64
		{C8CEB891-1E94-4CE1-9497-5D09C6F75EF4}.Release|ARM.Build.0 = Release|x64
		{C8CEB891-1E94-4CE1-9497-5D09C6F75EF4}.Release|ARM64.ActiveCfg = Release|x64
		{C8CEB891-1E94-4CE1-9497-5D09C6F75EF4}.Release|ARM64.Build.0 = Release|x64
		{C8CEB891-1E94-4CE1-9497-5D09C6F75EF4}.Release|x64.ActiveCfg = Release|x64
		{C8CEB891-1E94-4CE1-9497-5D09C6F75EF4}.Release|x64.Build.0 = Release|x64
		{C8CEB891-1E94-4CE1-9497-5D09C6F75EF4}.Release|x86.ActiveCfg = Release|Win32
		{C8CEB891-1E94-4CE1-9497-5D09C6F75EF4}.Release|x86.Build.0 = Release|Win32
		{3441322D-7C33-497F-94D6-639DD72A5D20}.Debug|ARM.ActiveCfg = Debug|ARM
		{3441322D-7C33-497F-94D6-639DD72A5D20}.Debug|ARM.Build.0 = Debug|ARM
		{3441322D-7C33-497F-94D6-639DD72A5D20}.Debug|ARM.Deploy.0 = Debug|ARM
		{3441322D-7C33-497F-94D6-639DD72A5D20}.Debug|ARM64.ActiveCfg = Debug|ARM64
		{3441322D-7C33-497F-94D6-639DD72A5D20}.Debug|ARM64.Build.0 = Debug|ARM64
		{3441322D-7C33-497F-94D6-639DD72A5D20}.Debug|ARM64.Deploy.0 = Debug|ARM64
		{3441322D-7C33-497F-94D6-639DD72A5D20}.Debug|x64.ActiveCfg = Debug|x64
		{3441322D-7C33-497F-94D6-639DD72A5D20}.Debug|x64.Build.0 = Debug|x64
		{3441322D-7C33-497F-94D6-639DD72A5D20}.Debug|x64.Deploy.0 = Debug|x64
		{3441322D-7C33-497F-94D6-639DD72A5D20}.Debug|x86.ActiveCfg = Debug|Win32
		{3441322D-7C33-497F-94D6-639DD72A5D20}.Debug|x86.Build.0 = Debug|Win32
		{3441322D-7C33-497F-94D6-639DD72A5D20}.Debug|x86.Deploy.0 = Debug|Win32
		{3441322D-7C33-497F-94D6-639DD72A5D20}.Release|ARM.ActiveCfg = Release|ARM
		{3441322D-7C33-497F-94D6-639DD72A5D20}.Release|ARM.Build.0 = Release|ARM
		{3441322D-7C33-497F-94D6-639DD72A5D20}.Release|ARM.Deploy.0 = Release|ARM
		{3441322D-7C33-497F-94D6-639DD72A5D20}.Release|ARM64.ActiveCfg = Release|ARM64
		{3441322D-7C33-497F-94D6-639DD72A5D20}.Release|ARM64.Build.0 = Release|ARM64
		{3441322D-7C33-497F-94D6-639DD72A5D20}.Release|ARM64.Deploy.0 = Release|ARM64
		{3441322D-7C33-497F-94D6-639DD72A5D20}.Release|x64.ActiveCfg = Release|x64
		{3441322D-7C33-497F-94D6-639DD72A5D20}.Release|x64.Build.0 = Release|x64
		{3441322D-7C33-497F-94D6-639DD72A5D20}.Release|x64.Deploy.0 = Release|x64
		{3441322D-7C33-497F-94D6-639DD72A5D20}.Release|x86.ActiveCfg = Release|Win32
		{3441322D-7C33-497F-94D6-639DD72A5D20}.Release|x86.Build.0 = Release|Win32
		{3441322D-7C33-497F-94D6-639DD72A5D20}.Release|x86.Deploy.0 = Release|Win32
	EndGlobalSection
	GlobalSection(SolutionProperties) = preSolution
		HideSolutionNode = FALSE
	EndGlobalSection
	GlobalSection(ExtensibilityGlobals) = postSolution
		SolutionGuid = {50A5E173-D56E-4B29-8173-BFE4BFFE2910}
	EndGlobalSection
EndGlobal
