<?xml version="1.0" encoding="utf-8"?>
<Project ToolsVersion="4.0" xmlns="http://schemas.microsoft.com/developer/msbuild/2003">
  <ItemGroup>
    <Filter Include="Source Files">
      <UniqueIdentifier>{c645bca7-7cf0-4b80-9f53-ab295ba84f53}</UniqueIdentifier>
      <Extensions>cpp;c;cxx;def;odl;idl;hpj;bat;asm</Extensions>
    </Filter>
    <Filter Include="Header Files">
      <UniqueIdentifier>{9975e6ea-7222-478b-a89f-a03519776008}</UniqueIdentifier>
      <Extensions>h;hpp;hxx;hm;inl;inc</Extensions>
    </Filter>
    <Filter Include="Resource Files">
      <UniqueIdentifier>{a372bd5b-5d49-48a5-9f26-ad595873d634}</UniqueIdentifier>
      <Extensions>rc;ico;cur;bmp;dlg;rc2;rct;bin;rgs;jpg;jpeg;jpe;manifest</Extensions>
    </Filter>
    <Filter Include="Resource Files\Icons">
      <UniqueIdentifier>{341449a3-704a-4171-84d9-e8cfb4cbc0bb}</UniqueIdentifier>
    </Filter>
    <Filter Include="Views">
      <UniqueIdentifier>{4fbe48ac-b2cc-4f37-8f76-6b6788d9c831}</UniqueIdentifier>
    </Filter>
    <Filter Include="Dialogs">
      <UniqueIdentifier>{c684f3ca-1c2b-4684-afbf-5aa767a7bb53}</UniqueIdentifier>
    </Filter>
  </ItemGroup>
  <ItemGroup>
    <ClCompile Include="pch.cpp">
      <Filter>Source Files</Filter>
    </ClCompile>
    <ClCompile Include="TaskMgrX.cpp">
      <Filter>Source Files</Filter>
    </ClCompile>
    <ClCompile Include="MainFrm.cpp">
      <Filter>Source Files</Filter>
    </ClCompile>
    <ClCompile Include="ProcessesView.cpp">
      <Filter>Views</Filter>
    </ClCompile>
    <ClCompile Include="ServicesView.cpp">
      <Filter>Views</Filter>
    </ClCompile>
    <ClCompile Include="PerfView.cpp">
      <Filter>Views</Filter>
    </ClCompile>
    <ClCompile Include="ProcessInfoEx.cpp">
      <Filter>Source Files</Filter>
    </ClCompile>
    <ClCompile Include="..\ImageIconCache.cpp">
      <Filter>Source Files</Filter>
    </ClCompile>
    <ClCompile Include="StringHelper.cpp">
      <Filter>Source Files</Filter>
    </ClCompile>
    <ClCompile Include="SelectColumnsDlg.cpp">
      <Filter>Dialogs</Filter>
    </ClCompile>
    <ClCompile Include="AboutDlg.cpp">
      <Filter>Dialogs</Filter>
    </ClCompile>
    <ClCompile Include="AppSettings.cpp">
      <Filter>Source Files</Filter>
    </ClCompile>
  </ItemGroup>
  <ItemGroup>
    <ClInclude Include="pch.h">
      <Filter>Header Files</Filter>
    </ClInclude>
    <ClInclude Include="MainFrm.h">
      <Filter>Header Files</Filter>
    </ClInclude>
    <ClInclude Include="resource.h">
      <Filter>Resource Files</Filter>
    </ClInclude>
    <ClInclude Include="Interfaces.h">
      <Filter>Header Files</Filter>
    </ClInclude>
    <ClInclude Include="ProcessesView.h">
      <Filter>Views</Filter>
    </ClInclude>
    <ClInclude Include="ServicesView.h">
      <Filter>Views</Filter>
    </ClInclude>
    <ClInclude Include="PerfView.h">
      <Filter>Views</Filter>
    </ClInclude>
    <ClInclude Include="ViewBase.h">
      <Filter>Views</Filter>
    </ClInclude>
    <ClInclude Include="ProcessInfoEx.h">
      <Filter>Header Files</Filter>
    </ClInclude>
    <ClInclude Include="..\ImageIconCache.h">
      <Filter>Header Files</Filter>
    </ClInclude>
    <ClInclude Include="StringHelper.h">
      <Filter>Header Files</Filter>
    </ClInclude>
    <ClInclude Include="SelectColumnsDlg.h">
      <Filter>Dialogs</Filter>
    </ClInclude>
    <ClInclude Include="AboutDlg.h">
      <Filter>Dialogs</Filter>
    </ClInclude>
    <ClInclude Include="AppSettings.h">
      <Filter>Header Files</Filter>
    </ClInclude>
  </ItemGroup>
  <ItemGroup>
    <ResourceCompile Include="TaskMgrX.rc">
      <Filter>Resource Files</Filter>
    </ResourceCompile>
  </ItemGroup>
  <ItemGroup>
    <Image Include="res\TaskMgrX.ico">
      <Filter>Resource Files\Icons</Filter>
    </Image>
    <Image Include="res\check.ico">
      <Filter>Resource Files\Icons</Filter>
    </Image>
    <Image Include="res\perf.ico">
      <Filter>Resource Files\Icons</Filter>
    </Image>
    <Image Include="res\pin.ico">
      <Filter>Resource Files\Icons</Filter>
    </Image>
    <Image Include="res\Processes.ico">
      <Filter>Resource Files\Icons</Filter>
    </Image>
    <Image Include="res\radio.ico">
      <Filter>Resource Files\Icons</Filter>
    </Image>
    <Image Include="res\refresh.ico">
      <Filter>Resource Files\Icons</Filter>
    </Image>
    <Image Include="res\services.ico">
      <Filter>Resource Files\Icons</Filter>
    </Image>
    <Image Include="res\color_wheel.ico">
      <Filter>Resource Files\Icons</Filter>
    </Image>
    <Image Include="res\columns.ico">
      <Filter>Resource Files\Icons</Filter>
    </Image>
    <Image Include="res\delete.ico">
      <Filter>Resource Files\Icons</Filter>
    </Image>
    <Image Include="res\ok.ico">
      <Filter>Resource Files\Icons</Filter>
    </Image>
  </ItemGroup>
  <ItemGroup>
    <None Include="packages.config" />
  </ItemGroup>
</Project>